// !$*UTF8*$!
{
	archiveVersion = 1;
	classes = {
	};
	objectVersion = 46;
	objects = {

/* Begin PBXBuildFile section */
		F09BEF241F554E5500383138 /* main.m in Sources */ = {isa = PBXBuildFile; fileRef = F09BEF231F554E5500383138 /* main.m */; };
		F09BEF271F554E5500383138 /* AppDelegate.m in Sources */ = {isa = PBXBuildFile; fileRef = F09BEF261F554E5500383138 /* AppDelegate.m */; };
		F09BEF2A1F554E5500383138 /* ViewController.m in Sources */ = {isa = PBXBuildFile; fileRef = F09BEF291F554E5500383138 /* ViewController.m */; };
		F09BEF2D1F554E5500383138 /* Main.storyboard in Resources */ = {isa = PBXBuildFile; fileRef = F09BEF2B1F554E5500383138 /* Main.storyboard */; };
		F09BEF2F1F554E5500383138 /* Assets.xcassets in Resources */ = {isa = PBXBuildFile; fileRef = F09BEF2E1F554E5500383138 /* Assets.xcassets */; };
		F09BEF321F554E5500383138 /* LaunchScreen.storyboard in Resources */ = {isa = PBXBuildFile; fileRef = F09BEF301F554E5500383138 /* LaunchScreen.storyboard */; };
		F09BEF3D1F554E5500383138 /* XML____Tests.m in Sources */ = {isa = PBXBuildFile; fileRef = F09BEF3C1F554E5500383138 /* XML____Tests.m */; };
		F09BEF481F554E5500383138 /* XML____UITests.m in Sources */ = {isa = PBXBuildFile; fileRef = F09BEF471F554E5500383138 /* XML____UITests.m */; };
		F09BEF5A1F55532C00383138 /* GDataXMLNode.m in Sources */ = {isa = PBXBuildFile; fileRef = F09BEF591F55532C00383138 /* GDataXMLNode.m */; };
		F09BEF5C1F55547800383138 /* Notes.txt in Resources */ = {isa = PBXBuildFile; fileRef = F09BEF5B1F55547800383138 /* Notes.txt */; };
		F09BEF5F1F55595700383138 /* libxml2.tbd in Frameworks */ = {isa = PBXBuildFile; fileRef = F09BEF5E1F55595700383138 /* libxml2.tbd */; };
		F09BEF621F555C5000383138 /* NoteInfo.m in Sources */ = {isa = PBXBuildFile; fileRef = F09BEF611F555C5000383138 /* NoteInfo.m */; };
/* End PBXBuildFile section */

/* Begin PBXContainerItemProxy section */
		F09BEF391F554E5500383138 /* PBXContainerItemProxy */ = {
			isa = PBXContainerItemProxy;
			containerPortal = F09BEF171F554E5500383138 /* Project object */;
			proxyType = 1;
			remoteGlobalIDString = F09BEF1E1F554E5500383138;
			remoteInfo = "XML数据解析";
		};
		F09BEF441F554E5500383138 /* PBXContainerItemProxy */ = {
			isa = PBXContainerItemProxy;
			containerPortal = F09BEF171F554E5500383138 /* Project object */;
			proxyType = 1;
			remoteGlobalIDString = F09BEF1E1F554E5500383138;
			remoteInfo = "XML数据解析";
		};
/* End PBXContainerItemProxy section */

/* Begin PBXFileReference section */
		F09BEF1F1F554E5500383138 /* XML数据解析.app */ = {isa = PBXFileReference; explicitFileType = wrapper.application; includeInIndex = 0; path = "XML数据解析.app"; sourceTree = BUILT_PRODUCTS_DIR; };
		F09BEF231F554E5500383138 /* main.m */ = {isa = PBXFileReference; lastKnownFileType = sourcecode.c.objc; path = main.m; sourceTree = "<group>"; };
		F09BEF251F554E5500383138 /* AppDelegate.h */ = {isa = PBXFileReference; lastKnownFileType = sourcecode.c.h; path = AppDelegate.h; sourceTree = "<group>"; };
		F09BEF261F554E5500383138 /* AppDelegate.m */ = {isa = PBXFileReference; lastKnownFileType = sourcecode.c.objc; path = AppDelegate.m; sourceTree = "<group>"; };
		F09BEF281F554E5500383138 /* ViewController.h */ = {isa = PBXFileReference; lastKnownFileType = sourcecode.c.h; path = ViewController.h; sourceTree = "<group>"; };
		F09BEF291F554E5500383138 /* ViewController.m */ = {isa = PBXFileReference; lastKnownFileType = sourcecode.c.objc; path = ViewController.m; sourceTree = "<group>"; };
		F09BEF2C1F554E5500383138 /* Base */ = {isa = PBXFileReference; lastKnownFileType = file.storyboard; name = Base; path = Base.lproj/Main.storyboard; sourceTree = "<group>"; };
		F09BEF2E1F554E5500383138 /* Assets.xcassets */ = {isa = PBXFileReference; lastKnownFileType = folder.assetcatalog; path = Assets.xcassets; sourceTree = "<group>"; };
		F09BEF311F554E5500383138 /* Base */ = {isa = PBXFileReference; lastKnownFileType = file.storyboard; name = Base; path = Base.lproj/LaunchScreen.storyboard; sourceTree = "<group>"; };
		F09BEF331F554E5500383138 /* Info.plist */ = {isa = PBXFileReference; lastKnownFileType = text.plist.xml; path = Info.plist; sourceTree = "<group>"; };
		F09BEF381F554E5500383138 /* XML数据解析Tests.xctest */ = {isa = PBXFileReference; explicitFileType = wrapper.cfbundle; includeInIndex = 0; path = "XML数据解析Tests.xctest"; sourceTree = BUILT_PRODUCTS_DIR; };
		F09BEF3C1F554E5500383138 /* XML____Tests.m */ = {isa = PBXFileReference; lastKnownFileType = sourcecode.c.objc; path = "XML____Tests.m"; sourceTree = "<group>"; };
		F09BEF3E1F554E5500383138 /* Info.plist */ = {isa = PBXFileReference; lastKnownFileType = text.plist.xml; path = Info.plist; sourceTree = "<group>"; };
		F09BEF431F554E5500383138 /* XML数据解析UITests.xctest */ = {isa = PBXFileReference; explicitFileType = wrapper.cfbundle; includeInIndex = 0; path = "XML数据解析UITests.xctest"; sourceTree = BUILT_PRODUCTS_DIR; };
		F09BEF471F554E5500383138 /* XML____UITests.m */ = {isa = PBXFileReference; lastKnownFileType = sourcecode.c.objc; path = "XML____UITests.m"; sourceTree = "<group>"; };
		F09BEF491F554E5500383138 /* Info.plist */ = {isa = PBXFileReference; lastKnownFileType = text.plist.xml; path = Info.plist; sourceTree = "<group>"; };
		F09BEF581F55532C00383138 /* GDataXMLNode.h */ = {isa = PBXFileReference; fileEncoding = 4; lastKnownFileType = sourcecode.c.h; path = GDataXMLNode.h; sourceTree = "<group>"; };
		F09BEF591F55532C00383138 /* GDataXMLNode.m */ = {isa = PBXFileReference; fileEncoding = 4; lastKnownFileType = sourcecode.c.objc; path = GDataXMLNode.m; sourceTree = "<group>"; };
		F09BEF5B1F55547800383138 /* Notes.txt */ = {isa = PBXFileReference; fileEncoding = 4; lastKnownFileType = text; path = Notes.txt; sourceTree = "<group>"; };
		F09BEF5E1F55595700383138 /* libxml2.tbd */ = {isa = PBXFileReference; lastKnownFileType = "sourcecode.text-based-dylib-definition"; name = libxml2.tbd; path = usr/lib/libxml2.tbd; sourceTree = SDKROOT; };
		F09BEF601F555C5000383138 /* NoteInfo.h */ = {isa = PBXFileReference; fileEncoding = 4; lastKnownFileType = sourcecode.c.h; path = NoteInfo.h; sourceTree = "<group>"; };
		F09BEF611F555C5000383138 /* NoteInfo.m */ = {isa = PBXFileReference; fileEncoding = 4; lastKnownFileType = sourcecode.c.objc; path = NoteInfo.m; sourceTree = "<group>"; };
/* End PBXFileReference section */

/* Begin PBXFrameworksBuildPhase section */
		F09BEF1C1F554E5500383138 /* Frameworks */ = {
			isa = PBXFrameworksBuildPhase;
			buildActionMask = 2147483647;
			files = (
				F09BEF5F1F55595700383138 /* libxml2.tbd in Frameworks */,
			);
			runOnlyForDeploymentPostprocessing = 0;
		};
		F09BEF351F554E5500383138 /* Frameworks */ = {
			isa = PBXFrameworksBuildPhase;
			buildActionMask = 2147483647;
			files = (
			);
			runOnlyForDeploymentPostprocessing = 0;
		};
		F09BEF401F554E5500383138 /* Frameworks */ = {
			isa = PBXFrameworksBuildPhase;
			buildActionMask = 2147483647;
			files = (
			);
			runOnlyForDeploymentPostprocessing = 0;
		};
/* End PBXFrameworksBuildPhase section */

/* Begin PBXGroup section */
		F09BEF161F554E5500383138 = {
			isa = PBXGroup;
			children = (
				F09BEF211F554E5500383138 /* XML数据解析 */,
				F09BEF3B1F554E5500383138 /* XML数据解析Tests */,
				F09BEF461F554E5500383138 /* XML数据解析UITests */,
				F09BEF201F554E5500383138 /* Products */,
				F09BEF5D1F55595700383138 /* Frameworks */,
			);
			sourceTree = "<group>";
		};
		F09BEF201F554E5500383138 /* Products */ = {
			isa = PBXGroup;
			children = (
				F09BEF1F1F554E5500383138 /* XML数据解析.app */,
				F09BEF381F554E5500383138 /* XML数据解析Tests.xctest */,
				F09BEF431F554E5500383138 /* XML数据解析UITests.xctest */,
			);
			name = Products;
			sourceTree = "<group>";
		};
		F09BEF211F554E5500383138 /* XML数据解析 */ = {
			isa = PBXGroup;
			children = (
				F09BEF5B1F55547800383138 /* Notes.txt */,
				F09BEF571F55532C00383138 /* XMLSupport */,
				F09BEF251F554E5500383138 /* AppDelegate.h */,
				F09BEF261F554E5500383138 /* AppDelegate.m */,
				F09BEF281F554E5500383138 /* ViewController.h */,
				F09BEF291F554E5500383138 /* ViewController.m */,
				F09BEF601F555C5000383138 /* NoteInfo.h */,
				F09BEF611F555C5000383138 /* NoteInfo.m */,
				F09BEF2B1F554E5500383138 /* Main.storyboard */,
				F09BEF2E1F554E5500383138 /* Assets.xcassets */,
				F09BEF301F554E5500383138 /* LaunchScreen.storyboard */,
				F09BEF331F554E5500383138 /* Info.plist */,
				F09BEF221F554E5500383138 /* Supporting Files */,
			);
			path = "XML数据解析";
			sourceTree = "<group>";
		};
		F09BEF221F554E5500383138 /* Supporting Files */ = {
			isa = PBXGroup;
			children = (
				F09BEF231F554E5500383138 /* main.m */,
			);
			name = "Supporting Files";
			sourceTree = "<group>";
		};
		F09BEF3B1F554E5500383138 /* XML数据解析Tests */ = {
			isa = PBXGroup;
			children = (
				F09BEF3C1F554E5500383138 /* XML____Tests.m */,
				F09BEF3E1F554E5500383138 /* Info.plist */,
			);
			path = "XML数据解析Tests";
			sourceTree = "<group>";
		};
		F09BEF461F554E5500383138 /* XML数据解析UITests */ = {
			isa = PBXGroup;
			children = (
				F09BEF471F554E5500383138 /* XML____UITests.m */,
				F09BEF491F554E5500383138 /* Info.plist */,
			);
			path = "XML数据解析UITests";
			sourceTree = "<group>";
		};
		F09BEF571F55532C00383138 /* XMLSupport */ = {
			isa = PBXGroup;
			children = (
				F09BEF581F55532C00383138 /* GDataXMLNode.h */,
				F09BEF591F55532C00383138 /* GDataXMLNode.m */,
			);
			name = XMLSupport;
			path = "../../../../Downloads/gdata-objectivec-client-master/Source/XMLSupport";
			sourceTree = "<group>";
		};
		F09BEF5D1F55595700383138 /* Frameworks */ = {
			isa = PBXGroup;
			children = (
				F09BEF5E1F55595700383138 /* libxml2.tbd */,
			);
			name = Frameworks;
			sourceTree = "<group>";
		};
/* End PBXGroup section */

/* Begin PBXNativeTarget section */
		F09BEF1E1F554E5500383138 /* XML数据解析 */ = {
			isa = PBXNativeTarget;
			buildConfigurationList = F09BEF4C1F554E5500383138 /* Build configuration list for PBXNativeTarget "XML数据解析" */;
			buildPhases = (
				F09BEF1B1F554E5500383138 /* Sources */,
				F09BEF1C1F554E5500383138 /* Frameworks */,
				F09BEF1D1F554E5500383138 /* Resources */,
			);
			buildRules = (
			);
			dependencies = (
			);
			name = "XML数据解析";
			productName = "XML数据解析";
			productReference = F09BEF1F1F554E5500383138 /* XML数据解析.app */;
			productType = "com.apple.product-type.application";
		};
		F09BEF371F554E5500383138 /* XML数据解析Tests */ = {
			isa = PBXNativeTarget;
			buildConfigurationList = F09BEF4F1F554E5500383138 /* Build configuration list for PBXNativeTarget "XML数据解析Tests" */;
			buildPhases = (
				F09BEF341F554E5500383138 /* Sources */,
				F09BEF351F554E5500383138 /* Frameworks */,
				F09BEF361F554E5500383138 /* Resources */,
			);
			buildRules = (
			);
			dependencies = (
				F09BEF3A1F554E5500383138 /* PBXTargetDependency */,
			);
			name = "XML数据解析Tests";
			productName = "XML数据解析Tests";
			productReference = F09BEF381F554E5500383138 /* XML数据解析Tests.xctest */;
			productType = "com.apple.product-type.bundle.unit-test";
		};
		F09BEF421F554E5500383138 /* XML数据解析UITests */ = {
			isa = PBXNativeTarget;
			buildConfigurationList = F09BEF521F554E5500383138 /* Build configuration list for PBXNativeTarget "XML数据解析UITests" */;
			buildPhases = (
				F09BEF3F1F554E5500383138 /* Sources */,
				F09BEF401F554E5500383138 /* Frameworks */,
				F09BEF411F554E5500383138 /* Resources */,
			);
			buildRules = (
			);
			dependencies = (
				F09BEF451F554E5500383138 /* PBXTargetDependency */,
			);
			name = "XML数据解析UITests";
			productName = "XML数据解析UITests";
			productReference = F09BEF431F554E5500383138 /* XML数据解析UITests.xctest */;
			productType = "com.apple.product-type.bundle.ui-testing";
		};
/* End PBXNativeTarget section */

/* Begin PBXProject section */
		F09BEF171F554E5500383138 /* Project object */ = {
			isa = PBXProject;
			attributes = {
				LastUpgradeCheck = 0830;
				ORGANIZATIONNAME = "zh dk";
				TargetAttributes = {
					F09BEF1E1F554E5500383138 = {
						CreatedOnToolsVersion = 8.3.3;
						ProvisioningStyle = Automatic;
					};
					F09BEF371F554E5500383138 = {
						CreatedOnToolsVersion = 8.3.3;
						ProvisioningStyle = Automatic;
						TestTargetID = F09BEF1E1F554E5500383138;
					};
					F09BEF421F554E5500383138 = {
						CreatedOnToolsVersion = 8.3.3;
						ProvisioningStyle = Automatic;
						TestTargetID = F09BEF1E1F554E5500383138;
					};
				};
			};
			buildConfigurationList = F09BEF1A1F554E5500383138 /* Build configuration list for PBXProject "XML数据解析" */;
			compatibilityVersion = "Xcode 3.2";
			developmentRegion = English;
			hasScannedForEncodings = 0;
			knownRegions = (
				en,
				Base,
			);
			mainGroup = F09BEF161F554E5500383138;
			productRefGroup = F09BEF201F554E5500383138 /* Products */;
			projectDirPath = "";
			projectRoot = "";
			targets = (
				F09BEF1E1F554E5500383138 /* XML数据解析 */,
				F09BEF371F554E5500383138 /* XML数据解析Tests */,
				F09BEF421F554E5500383138 /* XML数据解析UITests */,
			);
		};
/* End PBXProject section */

/* Begin PBXResourcesBuildPhase section */
		F09BEF1D1F554E5500383138 /* Resources */ = {
			isa = PBXResourcesBuildPhase;
			buildActionMask = 2147483647;
			files = (
				F09BEF321F554E5500383138 /* LaunchScreen.storyboard in Resources */,
				F09BEF2F1F554E5500383138 /* Assets.xcassets in Resources */,
				F09BEF5C1F55547800383138 /* Notes.txt in Resources */,
				F09BEF2D1F554E5500383138 /* Main.storyboard in Resources */,
			);
			runOnlyForDeploymentPostprocessing = 0;
		};
		F09BEF361F554E5500383138 /* Resources */ = {
			isa = PBXResourcesBuildPhase;
			buildActionMask = 2147483647;
			files = (
			);
			runOnlyForDeploymentPostprocessing = 0;
		};
		F09BEF411F554E5500383138 /* Resources */ = {
			isa = PBXResourcesBuildPhase;
			buildActionMask = 2147483647;
			files = (
			);
			runOnlyForDeploymentPostprocessing = 0;
		};
/* End PBXResourcesBuildPhase section */

/* Begin PBXSourcesBuildPhase section */
		F09BEF1B1F554E5500383138 /* Sources */ = {
			isa = PBXSourcesBuildPhase;
			buildActionMask = 2147483647;
			files = (
				F09BEF621F555C5000383138 /* NoteInfo.m in Sources */,
				F09BEF2A1F554E5500383138 /* ViewController.m in Sources */,
				F09BEF5A1F55532C00383138 /* GDataXMLNode.m in Sources */,
				F09BEF271F554E5500383138 /* AppDelegate.m in Sources */,
				F09BEF241F554E5500383138 /* main.m in Sources */,
			);
			runOnlyForDeploymentPostprocessing = 0;
		};
		F09BEF341F554E5500383138 /* Sources */ = {
			isa = PBXSourcesBuildPhase;
			buildActionMask = 2147483647;
			files = (
				F09BEF3D1F554E5500383138 /* XML____Tests.m in Sources */,
			);
			runOnlyForDeploymentPostprocessing = 0;
		};
		F09BEF3F1F554E5500383138 /* Sources */ = {
			isa = PBXSourcesBuildPhase;
			buildActionMask = 2147483647;
			files = (
				F09BEF481F554E5500383138 /* XML____UITests.m in Sources */,
			);
			runOnlyForDeploymentPostprocessing = 0;
		};
/* End PBXSourcesBuildPhase section */

/* Begin PBXTargetDependency section */
		F09BEF3A1F554E5500383138 /* PBXTargetDependency */ = {
			isa = PBXTargetDependency;
			target = F09BEF1E1F554E5500383138 /* XML数据解析 */;
			targetProxy = F09BEF391F554E5500383138 /* PBXContainerItemProxy */;
		};
		F09BEF451F554E5500383138 /* PBXTargetDependency */ = {
			isa = PBXTargetDependency;
			target = F09BEF1E1F554E5500383138 /* XML数据解析 */;
			targetProxy = F09BEF441F554E5500383138 /* PBXContainerItemProxy */;
		};
/* End PBXTargetDependency section */

/* Begin PBXVariantGroup section */
		F09BEF2B1F554E5500383138 /* Main.storyboard */ = {
			isa = PBXVariantGroup;
			children = (
				F09BEF2C1F554E5500383138 /* Base */,
			);
			name = Main.storyboard;
			sourceTree = "<group>";
		};
		F09BEF301F554E5500383138 /* LaunchScreen.storyboard */ = {
			isa = PBXVariantGroup;
			children = (
				F09BEF311F554E5500383138 /* Base */,
			);
			name = LaunchScreen.storyboard;
			sourceTree = "<group>";
		};
/* End PBXVariantGroup section */

/* Begin XCBuildConfiguration section */
		F09BEF4A1F554E5500383138 /* Debug */ = {
			isa = XCBuildConfiguration;
			buildSettings = {
				ALWAYS_SEARCH_USER_PATHS = NO;
				CLANG_ANALYZER_NONNULL = YES;
				CLANG_ANALYZER_NUMBER_OBJECT_CONVERSION = YES_AGGRESSIVE;
				CLANG_CXX_LANGUAGE_STANDARD = "gnu++0x";
				CLANG_CXX_LIBRARY = "libc++";
				CLANG_ENABLE_MODULES = YES;
				CLANG_ENABLE_OBJC_ARC = YES;
				CLANG_WARN_BOOL_CONVERSION = YES;
				CLANG_WARN_CONSTANT_CONVERSION = YES;
				CLANG_WARN_DIRECT_OBJC_ISA_USAGE = YES_ERROR;
				CLANG_WARN_DOCUMENTATION_COMMENTS = YES;
				CLANG_WARN_EMPTY_BODY = YES;
				CLANG_WARN_ENUM_CONVERSION = YES;
				CLANG_WARN_INFINITE_RECURSION = YES;
				CLANG_WARN_INT_CONVERSION = YES;
				CLANG_WARN_OBJC_ROOT_CLASS = YES_ERROR;
				CLANG_WARN_SUSPICIOUS_MOVE = YES;
				CLANG_WARN_UNREACHABLE_CODE = YES;
				CLANG_WARN__DUPLICATE_METHOD_MATCH = YES;
				"CODE_SIGN_IDENTITY[sdk=iphoneos*]" = "iPhone Developer";
				COPY_PHASE_STRIP = NO;
				DEBUG_INFORMATION_FORMAT = dwarf;
				ENABLE_STRICT_OBJC_MSGSEND = YES;
				ENABLE_TESTABILITY = YES;
				GCC_C_LANGUAGE_STANDARD = gnu99;
				GCC_DYNAMIC_NO_PIC = NO;
				GCC_NO_COMMON_BLOCKS = YES;
				GCC_OPTIMIZATION_LEVEL = 0;
				GCC_PREPROCESSOR_DEFINITIONS = (
					"DEBUG=1",
					"$(inherited)",
				);
				GCC_WARN_64_TO_32_BIT_CONVERSION = YES;
				GCC_WARN_ABOUT_RETURN_TYPE = YES_ERROR;
				GCC_WARN_UNDECLARED_SELECTOR = YES;
				GCC_WARN_UNINITIALIZED_AUTOS = YES_AGGRESSIVE;
				GCC_WARN_UNUSED_FUNCTION = YES;
				GCC_WARN_UNUSED_VARIABLE = YES;
				IPHONEOS_DEPLOYMENT_TARGET = 10.3;
				MTL_ENABLE_DEBUG_INFO = YES;
				ONLY_ACTIVE_ARCH = YES;
				SDKROOT = iphoneos;
			};
			name = Debug;
		};
		F09BEF4B1F554E5500383138 /* Release */ = {
			isa = XCBuildConfiguration;
			buildSettings = {
				ALWAYS_SEARCH_USER_PATHS = NO;
				CLANG_ANALYZER_NONNULL = YES;
				CLANG_ANALYZER_NUMBER_OBJECT_CONVERSION = YES_AGGRESSIVE;
				CLANG_CXX_LANGUAGE_STANDARD = "gnu++0x";
				CLANG_CXX_LIBRARY = "libc++";
				CLANG_ENABLE_MODULES = YES;
				CLANG_ENABLE_OBJC_ARC = YES;
				CLANG_WARN_BOOL_CONVERSION = YES;
				CLANG_WARN_CONSTANT_CONVERSION = YES;
				CLANG_WARN_DIRECT_OBJC_ISA_USAGE = YES_ERROR;
				CLANG_WARN_DOCUMENTATION_COMMENTS = YES;
				CLANG_WARN_EMPTY_BODY = YES;
				CLANG_WARN_ENUM_CONVERSION = YES;
				CLANG_WARN_INFINITE_RECURSION = YES;
				CLANG_WARN_INT_CONVERSION = YES;
				CLANG_WARN_OBJC_ROOT_CLASS = YES_ERROR;
				CLANG_WARN_SUSPICIOUS_MOVE = YES;
				CLANG_WARN_UNREACHABLE_CODE = YES;
				CLANG_WARN__DUPLICATE_METHOD_MATCH = YES;
				"CODE_SIGN_IDENTITY[sdk=iphoneos*]" = "iPhone Developer";
				COPY_PHASE_STRIP = NO;
				DEBUG_INFORMATION_FORMAT = "dwarf-with-dsym";
				ENABLE_NS_ASSERTIONS = NO;
				ENABLE_STRICT_OBJC_MSGSEND = YES;
				GCC_C_LANGUAGE_STANDARD = gnu99;
				GCC_NO_COMMON_BLOCKS = YES;
				GCC_WARN_64_TO_32_BIT_CONVERSION = YES;
				GCC_WARN_ABOUT_RETURN_TYPE = YES_ERROR;
				GCC_WARN_UNDECLARED_SELECTOR = YES;
				GCC_WARN_UNINITIALIZED_AUTOS = YES_AGGRESSIVE;
				GCC_WARN_UNUSED_FUNCTION = YES;
				GCC_WARN_UNUSED_VARIABLE = YES;
				IPHONEOS_DEPLOYMENT_TARGET = 10.3;
				MTL_ENABLE_DEBUG_INFO = NO;
				SDKROOT = iphoneos;
				VALIDATE_PRODUCT = YES;
			};
			name = Release;
		};
		F09BEF4D1F554E5500383138 /* Debug */ = {
			isa = XCBuildConfiguration;
			buildSettings = {
				ASSETCATALOG_COMPILER_APPICON_NAME = AppIcon;
				CLANG_ENABLE_OBJC_ARC = NO;
				HEADER_SEARCH_PATHS = /usr/include/libxml2;
				INFOPLIST_FILE = "XML数据解析/Info.plist";
				LD_RUNPATH_SEARCH_PATHS = "$(inherited) @executable_path/Frameworks";
				OTHER_LDFLAGS = "-lxml2";
				PRODUCT_BUNDLE_IDENTIFIER = "zhdk.XML----";
				PRODUCT_NAME = "$(TARGET_NAME)";
				USER_HEADER_SEARCH_PATHS = /usr/lib/lxml2;
			};
			name = Debug;
		};
		F09BEF4E1F554E5500383138 /* Release */ = {
			isa = XCBuildConfiguration;
			buildSettings = {
				ASSETCATALOG_COMPILER_APPICON_NAME = AppIcon;
				CLANG_ENABLE_OBJC_ARC = NO;
				HEADER_SEARCH_PATHS = /usr/include/libxml2;
				INFOPLIST_FILE = "XML数据解析/Info.plist";
				LD_RUNPATH_SEARCH_PATHS = "$(inherited) @executable_path/Frameworks";
				OTHER_LDFLAGS = "-lxml2";
				PRODUCT_BUNDLE_IDENTIFIER = "zhdk.XML----";
				PRODUCT_NAME = "$(TARGET_NAME)";
				USER_HEADER_SEARCH_PATHS = /usr/lib/lxml2;
			};
			name = Release;
		};
		F09BEF501F554E5500383138 /* Debug */ = {
			isa = XCBuildConfiguration;
			buildSettings = {
				BUNDLE_LOADER = "$(TEST_HOST)";
				INFOPLIST_FILE = "XML数据解析Tests/Info.plist";
				LD_RUNPATH_SEARCH_PATHS = "$(inherited) @executable_path/Frameworks @loader_path/Frameworks";
				PRODUCT_BUNDLE_IDENTIFIER = "zhdk.XML----Tests";
				PRODUCT_NAME = "$(TARGET_NAME)";
				TEST_HOST = "$(BUILT_PRODUCTS_DIR)/XML数据解析.app/XML数据解析";
			};
			name = Debug;
		};
		F09BEF511F554E5500383138 /* Release */ = {
			isa = XCBuildConfiguration;
			buildSettings = {
				BUNDLE_LOADER = "$(TEST_HOST)";
				INFOPLIST_FILE = "XML数据解析Tests/Info.plist";
				LD_RUNPATH_SEARCH_PATHS = "$(inherited) @executable_path/Frameworks @loader_path/Frameworks";
				PRODUCT_BUNDLE_IDENTIFIER = "zhdk.XML----Tests";
				PRODUCT_NAME = "$(TARGET_NAME)";
				TEST_HOST = "$(BUILT_PRODUCTS_DIR)/XML数据解析.app/XML数据解析";
			};
			name = Release;
		};
		F09BEF531F554E5500383138 /* Debug */ = {
			isa = XCBuildConfiguration;
			buildSettings = {
				INFOPLIST_FILE = "XML数据解析UITests/Info.plist";
				LD_RUNPATH_SEARCH_PATHS = "$(inherited) @executable_path/Frameworks @loader_path/Frameworks";
				PRODUCT_BUNDLE_IDENTIFIER = "zhdk.XML----UITests";
				PRODUCT_NAME = "$(TARGET_NAME)";
				TEST_TARGET_NAME = "XML数据解析";
			};
			name = Debug;
		};
		F09BEF541F554E5500383138 /* Release */ = {
			isa = XCBuildConfiguration;
			buildSettings = {
				INFOPLIST_FILE = "XML数据解析UITests/Info.plist";
				LD_RUNPATH_SEARCH_PATHS = "$(inherited) @executable_path/Frameworks @loader_path/Frameworks";
				PRODUCT_BUNDLE_IDENTIFIER = "zhdk.XML----UITests";
				PRODUCT_NAME = "$(TARGET_NAME)";
				TEST_TARGET_NAME = "XML数据解析";
			};
			name = Release;
		};
/* End XCBuildConfiguration section */

/* Begin XCConfigurationList section */
		F09BEF1A1F554E5500383138 /* Build configuration list for PBXProject "XML数据解析" */ = {
			isa = XCConfigurationList;
			buildConfigurations = (
				F09BEF4A1F554E5500383138 /* Debug */,
				F09BEF4B1F554E5500383138 /* Release */,
			);
			defaultConfigurationIsVisible = 0;
			defaultConfigurationName = Release;
		};
		F09BEF4C1F554E5500383138 /* Build configuration list for PBXNativeTarget "XML数据解析" */ = {
			isa = XCConfigurationList;
			buildConfigurations = (
				F09BEF4D1F554E5500383138 /* Debug */,
				F09BEF4E1F554E5500383138 /* Release */,
			);
			defaultConfigurationIsVisible = 0;
		};
		F09BEF4F1F554E5500383138 /* Build configuration list for PBXNativeTarget "XML数据解析Tests" */ = {
			isa = XCConfigurationList;
			buildConfigurations = (
				F09BEF501F554E5500383138 /* Debug */,
				F09BEF511F554E5500383138 /* Release */,
			);
			defaultConfigurationIsVisible = 0;
		};
		F09BEF521F554E5500383138 /* Build configuration list for PBXNativeTarget "XML数据解析UITests" */ = {
			isa = XCConfigurationList;
			buildConfigurations = (
				F09BEF531F554E5500383138 /* Debug */,
				F09BEF541F554E5500383138 /* Release */,
			);
			defaultConfigurationIsVisible = 0;
		};
/* End XCConfigurationList section */
	};
	rootObject = F09BEF171F554E5500383138 /* Project object */;
}
